
Microsoft Visual Studio Solution File, Format Version 12.00
# Visual Studio Version 17
VisualStudioVersion = 17.3.32804.467
MinimumVisualStudioVersion = 10.0.40219.1
Project("{FAE04EC0-301F-11D3-BF4B-00C04F79EFBC}") = "GUI_GradingSystem", "GUI_GradingSystem\GUI_GradingSystem.csproj", "{7432AFB5-98BC-4383-90EC-13659EC1738C}"
EndProject
Global
	GlobalSection(SolutionConfigurationPlatforms) = preSolution
		Debug|Any CPU = Debug|Any CPU
		Release|Any CPU = Release|Any CPU
	EndGlobalSection
	GlobalSection(ProjectConfigurationPlatforms) = postSolution
		{7432AFB5-98BC-4383-90EC-13659EC1738C}.Debug|Any CPU.ActiveCfg = Debug|Any CPU
		{7432AFB5-98BC-4383-90EC-13659EC1738C}.Debug|Any CPU.Build.0 = Debug|Any CPU
		{7432AFB5-98BC-4383-90EC-13659EC1738C}.Release|Any CPU.ActiveCfg = Release|Any CPU
		{7432AFB5-98BC-4383-90EC-13659EC1738C}.Release|Any CPU.Build.0 = Release|Any CPU
	EndGlobalSection
	GlobalSection(SolutionProperties) = preSolution
		HideSolutionNode = FALSE
	EndGlobalSection
	GlobalSection(ExtensibilityGlobals) = postSolution
		SolutionGuid = {80673DEB-799E-4FB7-BBE3-38C8C3B2DAE8}
	EndGlobalSection
EndGlobal
